
Microsoft Visual Studio Solution File, Format Version 12.00
# Visual Studio Version 17
VisualStudioVersion = 17.0.31903.59
MinimumVisualStudioVersion = 10.0.40219.1
Project("{FAE04EC0-301F-11D3-BF4B-00C04F79EFBC}") = "ExploreDotNET8", "ExploreDotNET8\ExploreDotNET8.csproj", "{541C8BCD-D879-4C3E-BCB0-3A789EFE7C0B}"
EndProject
Global
	GlobalSection(SolutionConfigurationPlatforms) = preSolution
		Debug|Any CPU = Debug|Any CPU
		Release|Any CPU = Release|Any CPU
	EndGlobalSection
	GlobalSection(SolutionProperties) = preSolution
		HideSolutionNode = FALSE
	EndGlobalSection
	GlobalSection(ProjectConfigurationPlatforms) = postSolution
		{541C8BCD-D879-4C3E-BCB0-3A789EFE7C0B}.Debug|Any CPU.ActiveCfg = Debug|Any CPU
		{541C8BCD-D879-4C3E-BCB0-3A789EFE7C0B}.Debug|Any CPU.Build.0 = Debug|Any CPU
		{541C8BCD-D879-4C3E-BCB0-3A789EFE7C0B}.Release|Any CPU.ActiveCfg = Release|Any CPU
		{541C8BCD-D879-4C3E-BCB0-3A789EFE7C0B}.Release|Any CPU.Build.0 = Release|Any CPU
	EndGlobalSection
EndGlobal
